
Microsoft Visual Studio Solution File, Format Version 12.00
Project("{FAE04EC0-301F-11D3-BF4B-00C04F79EFBC}") = "Exercise5NEW", "Exercise5NEW\Exercise5NEW.csproj", "{2656B652-12E2-4A41-8E30-8B9AF03CAB21}"
EndProject
Global
	GlobalSection(SolutionConfigurationPlatforms) = preSolution
		Debug|Any CPU = Debug|Any CPU
		Release|Any CPU = Release|Any CPU
	EndGlobalSection
	GlobalSection(ProjectConfigurationPlatforms) = postSolution
		{2656B652-12E2-4A41-8E30-8B9AF03CAB21}.Debug|Any CPU.ActiveCfg = Debug|Any CPU
		{2656B652-12E2-4A41-8E30-8B9AF03CAB21}.Debug|Any CPU.Build.0 = Debug|Any CPU
		{2656B652-12E2-4A41-8E30-8B9AF03CAB21}.Release|Any CPU.ActiveCfg = Release|Any CPU
		{2656B652-12E2-4A41-8E30-8B9AF03CAB21}.Release|Any CPU.Build.0 = Release|Any CPU
	EndGlobalSection
EndGlobal
